
Microsoft Visual Studio Solution File, Format Version 12.00
# Visual Studio Version 17
VisualStudioVersion = 17.11.35005.142
MinimumVisualStudioVersion = 10.0.40219.1
Project("{FAE04EC0-301F-11D3-BF4B-00C04F79EFBC}") = "Login and Register Form", "Login and Register Form\Login and Register Form.csproj", "{7D3D0BFD-D142-4A0B-AD4E-DEE153C56FA5}"
EndProject
Global
	GlobalSection(SolutionConfigurationPlatforms) = preSolution
		Debug|Any CPU = Debug|Any CPU
		Release|Any CPU = Release|Any CPU
	EndGlobalSection
	GlobalSection(ProjectConfigurationPlatforms) = postSolution
		{7D3D0BFD-D142-4A0B-AD4E-DEE153C56FA5}.Debug|Any CPU.ActiveCfg = Debug|Any CPU
		{7D3D0BFD-D142-4A0B-AD4E-DEE153C56FA5}.Debug|Any CPU.Build.0 = Debug|Any CPU
		{7D3D0BFD-D142-4A0B-AD4E-DEE153C56FA5}.Release|Any CPU.ActiveCfg = Release|Any CPU
		{7D3D0BFD-D142-4A0B-AD4E-DEE153C56FA5}.Release|Any CPU.Build.0 = Release|Any CPU
	EndGlobalSection
	GlobalSection(SolutionProperties) = preSolution
		HideSolutionNode = FALSE
	EndGlobalSection
	GlobalSection(ExtensibilityGlobals) = postSolution
		SolutionGuid = {B0097536-64E8-4674-926D-990C9A0A491D}
	EndGlobalSection
EndGlobal
